{
  "name": "loop-mp3",
  "lockfileVersion": 3,
  "requires": true,
  "packages": {
    "": {
      "name": "loop-mp3",
      "dependencies": {
        "@kawarp/core": "1.2.0"
      }
    },
    "node_modules/@kawarp/core": {
      "version": "1.2.0",
      "resolved": "https://registry.npmjs.org/@kawarp/core/-/core-1.2.0.tgz",
      "integrity": "sha512-PmwhFeoDjpuKImSptQugb9INCwk/S/QHsQ5foXhKjUERpwEzZZ12Hyf5FggedhZ70SQQ9RDPKHEunys454qbqA==",
      "license": "MIT"
    }
  }
}
